
Microsoft Visual Studio Solution File, Format Version 12.00
# Visual Studio Version 16
VisualStudioVersion = 16.0.30011.22
MinimumVisualStudioVersion = 10.0.40219.1
Project("{FAE04EC0-301F-11D3-BF4B-00C04F79EFBC}") = "LinqAssignment", "LinqAssignment\LinqAssignment.csproj", "{303E532C-3C1A-46CD-BED2-56248CB84340}"
EndProject
Global
	GlobalSection(SolutionConfigurationPlatforms) = preSolution
		Debug|Any CPU = Debug|Any CPU
		Release|Any CPU = Release|Any CPU
	EndGlobalSection
	GlobalSection(ProjectConfigurationPlatforms) = postSolution
		{303E532C-3C1A-46CD-BED2-56248CB84340}.Debug|Any CPU.ActiveCfg = Debug|Any CPU
		{303E532C-3C1A-46CD-BED2-56248CB84340}.Debug|Any CPU.Build.0 = Debug|Any CPU
		{303E532C-3C1A-46CD-BED2-56248CB84340}.Release|Any CPU.ActiveCfg = Release|Any CPU
		{303E532C-3C1A-46CD-BED2-56248CB84340}.Release|Any CPU.Build.0 = Release|Any CPU
	EndGlobalSection
	GlobalSection(SolutionProperties) = preSolution
		HideSolutionNode = FALSE
	EndGlobalSection
	GlobalSection(ExtensibilityGlobals) = postSolution
		SolutionGuid = {445BA5E3-048A-430F-ADC0-34BEE9885E49}
	EndGlobalSection
EndGlobal
